schema: '2.0'
stages:
  data_engineering:
    cmd: kedro run --pipeline=data_engineering
    deps:
    - path: 
        src/proyecto_ml_sebastiancarrera_kevinvivanco/pipelines/data_engineering
      hash: md5
      md5: bd0d35f3ecbfae7b4eca0c2aaa828954.dir
      size: 12300
      nfiles: 6
    outs:
    - path: data/02_intermediate
      hash: md5
      md5: 5dcd493376b61dcb26f4dffbb70b14f7.dir
      size: 88856252
      nfiles: 7
    - path: data/03_primary
      hash: md5
      md5: e4013557c6f4975b3af475cf461b38b2.dir
      size: 180919837
      nfiles: 11
  feature_engineering:
    cmd: kedro run --pipeline=feature_engineering
    deps:
    - path: data/03_primary
      hash: md5
      md5: e4013557c6f4975b3af475cf461b38b2.dir
      size: 180919837
      nfiles: 11
    - path: 
        src/proyecto_ml_sebastiancarrera_kevinvivanco/pipelines/feature_engineering
      hash: md5
      md5: 98cf7dfd28d124ff356f9e9cf4148152.dir
      size: 11982
      nfiles: 6
    outs:
    - path: data/04_feature
      hash: md5
      md5: aa84e3261c61fbb0ef97686f33e26321.dir
      size: 49796016
      nfiles: 2
  model_input:
    cmd: kedro run --pipeline=feature_selection
    deps:
    - path: data/04_feature
      hash: md5
      md5: aa84e3261c61fbb0ef97686f33e26321.dir
      size: 49796016
      nfiles: 2
    - path: 
        src/proyecto_ml_sebastiancarrera_kevinvivanco/pipelines/feature_selection
      hash: md5
      md5: d2100b6c8e84da174c1d5d3e467a305e.dir
      size: 5857
      nfiles: 6
    outs:
    - path: data/05_model_input
      hash: md5
      md5: b5b3c303e57bab09200304a9f60a943b.dir
      size: 25555394
      nfiles: 3
  classification_models:
    cmd: kedro run --pipeline=classification_models
    deps:
    - path: data/05_model_input
      hash: md5
      md5: 0ee91f3e7bdb2fe8a98464b512057309.dir
      size: 25555388
      nfiles: 2
    - path: 
        src/proyecto_ml_sebastiancarrera_kevinvivanco/pipelines/classification_models
      hash: md5
      md5: ea26bda6e463fd064076c660bba92cc6.dir
      size: 26606
      nfiles: 6
    outs:
    - path: data/06_models/clasificacion
      hash: md5
      md5: e44175ebdbbae7cfcc3a450374709817.dir
      size: 741615731
      nfiles: 6
    - path: data/07_model_output/clasificacion
      hash: md5
      md5: 74bd920b270599119fa028ca1935747d.dir
      size: 2349
      nfiles: 6
  regression_models:
    cmd: kedro run --pipeline=regression_models
    deps:
    - path: data/05_model_input
      hash: md5
      md5: 0ee91f3e7bdb2fe8a98464b512057309.dir
      size: 25555388
      nfiles: 2
    - path: 
        src/proyecto_ml_sebastiancarrera_kevinvivanco/pipelines/regression_models
      hash: md5
      md5: 1ca72e9cc0ae54e34e5f6359c01bc7bb.dir
      size: 45241
      nfiles: 6
    outs:
    - path: data/06_models/regresion
      hash: md5
      md5: 0325bd2c4033219abae36b6c3c64a676.dir
      size: 3104188490
      nfiles: 6
    - path: data/07_model_output/regresion
      hash: md5
      md5: 311fe89990d473450c80bba42dd02c9b.dir
      size: 2010
      nfiles: 6
    - path: data/08_reporting/dashboard/model_dashboard.html
      hash: md5
      md5: dc32d774aea5bdd4180229e6b5c08778
      size: 707
  reporting:
    cmd: kedro run --pipeline=reporting
    deps:
    - path: data/06_models/clasificacion
      hash: md5
      md5: e44175ebdbbae7cfcc3a450374709817.dir
      size: 741615731
      nfiles: 6
    - path: data/06_models/regresion
      hash: md5
      md5: 0325bd2c4033219abae36b6c3c64a676.dir
      size: 3104188490
      nfiles: 6
    - path: data/08_reporting/clasificacion
      hash: md5
      md5: adcfc92bc6d470e9a8f9c481b97180ea.dir
      size: 293729
      nfiles: 11
    - path: data/08_reporting/regresion
      hash: md5
      md5: 35dd3bc6c564e92d7baa8f472e9c9777.dir
      size: 1713943
      nfiles: 13
    - path: src/proyecto_ml_sebastiancarrera_kevinvivanco/pipelines/reporting
      hash: md5
      md5: 9c17b80094adf4e0fc162dab6935ad8c.dir
      size: 14183
      nfiles: 6
    outs:
    - path: data/08_reporting/dashboard/model_dashboard.html
      hash: md5
      md5: d2e82cd5c6e217ceb8c8b1a324844dbb
      size: 6178
